
Microsoft Visual Studio Solution File, Format Version 12.00
# Visual Studio Version 16
VisualStudioVersion = 16.0.28803.916
MinimumVisualStudioVersion = 10.0.40219.1
Project("{FAE04EC0-301F-11D3-BF4B-00C04F79EFBC}") = "subtracao", "..\source\repos\aula01 soma\aula01 soma\subtracao.csproj", "{B79F1660-2642-4FB1-955F-F9AD8946CC74}"
EndProject
Global
	GlobalSection(SolutionConfigurationPlatforms) = preSolution
		Debug|Any CPU = Debug|Any CPU
		Release|Any CPU = Release|Any CPU
	EndGlobalSection
	GlobalSection(ProjectConfigurationPlatforms) = postSolution
		{B79F1660-2642-4FB1-955F-F9AD8946CC74}.Debug|Any CPU.ActiveCfg = Debug|Any CPU
		{B79F1660-2642-4FB1-955F-F9AD8946CC74}.Debug|Any CPU.Build.0 = Debug|Any CPU
		{B79F1660-2642-4FB1-955F-F9AD8946CC74}.Release|Any CPU.ActiveCfg = Release|Any CPU
		{B79F1660-2642-4FB1-955F-F9AD8946CC74}.Release|Any CPU.Build.0 = Release|Any CPU
	EndGlobalSection
	GlobalSection(SolutionProperties) = preSolution
		HideSolutionNode = FALSE
	EndGlobalSection
	GlobalSection(ExtensibilityGlobals) = postSolution
		SolutionGuid = {EDC39B7E-AB21-47E5-AB43-F4AA0E923807}
	EndGlobalSection
EndGlobal
